
Microsoft Visual Studio Solution File, Format Version 12.00
# Visual Studio Version 16
VisualStudioVersion = 16.0.29025.244
MinimumVisualStudioVersion = 10.0.40219.1
Project("{9A19103F-16F7-4668-BE54-9A1E7A4F7556}") = "Sample.AzureStorageTable", "Sample.AzureStorageTable\Sample.AzureStorageTable.csproj", "{89B8F1F6-89FC-462E-A348-A658520E0E0D}"
EndProject
Project("{9A19103F-16F7-4668-BE54-9A1E7A4F7556}") = "Sample.AzureStorageTable.Test", "Sample.AzureStorageTable.Test\Sample.AzureStorageTable.Test.csproj", "{55F1E4DF-EBF3-4CC2-9BBD-B0C27F8A2C53}"
EndProject
Global
	GlobalSection(SolutionConfigurationPlatforms) = preSolution
		Debug|Any CPU = Debug|Any CPU
		Release|Any CPU = Release|Any CPU
	EndGlobalSection
	GlobalSection(ProjectConfigurationPlatforms) = postSolution
		{89B8F1F6-89FC-462E-A348-A658520E0E0D}.Debug|Any CPU.ActiveCfg = Debug|Any CPU
		{89B8F1F6-89FC-462E-A348-A658520E0E0D}.Debug|Any CPU.Build.0 = Debug|Any CPU
		{89B8F1F6-89FC-462E-A348-A658520E0E0D}.Release|Any CPU.ActiveCfg = Release|Any CPU
		{89B8F1F6-89FC-462E-A348-A658520E0E0D}.Release|Any CPU.Build.0 = Release|Any CPU
		{55F1E4DF-EBF3-4CC2-9BBD-B0C27F8A2C53}.Debug|Any CPU.ActiveCfg = Debug|Any CPU
		{55F1E4DF-EBF3-4CC2-9BBD-B0C27F8A2C53}.Debug|Any CPU.Build.0 = Debug|Any CPU
		{55F1E4DF-EBF3-4CC2-9BBD-B0C27F8A2C53}.Release|Any CPU.ActiveCfg = Release|Any CPU
		{55F1E4DF-EBF3-4CC2-9BBD-B0C27F8A2C53}.Release|Any CPU.Build.0 = Release|Any CPU
	EndGlobalSection
	GlobalSection(SolutionProperties) = preSolution
		HideSolutionNode = FALSE
	EndGlobalSection
	GlobalSection(ExtensibilityGlobals) = postSolution
		SolutionGuid = {A1107184-321D-40AA-A8AA-3AD9B60F17D8}
	EndGlobalSection
EndGlobal
